
Microsoft Visual Studio Solution File, Format Version 12.00
Project("{FAE04EC0-301F-11D3-BF4B-00C04F79EFBC}") = "BitbucketCustomServices", "BitbucketCustomServices\BitbucketCustomServices.csproj", "{F25546C8-D010-4169-87A9-E8C64FB105FC}"
EndProject
Global
	GlobalSection(SolutionConfigurationPlatforms) = preSolution
		Debug|Any CPU = Debug|Any CPU
		Release|Any CPU = Release|Any CPU
	EndGlobalSection
	GlobalSection(ProjectConfigurationPlatforms) = postSolution
		{F25546C8-D010-4169-87A9-E8C64FB105FC}.Debug|Any CPU.ActiveCfg = Debug|Any CPU
		{F25546C8-D010-4169-87A9-E8C64FB105FC}.Debug|Any CPU.Build.0 = Debug|Any CPU
		{F25546C8-D010-4169-87A9-E8C64FB105FC}.Release|Any CPU.ActiveCfg = Release|Any CPU
		{F25546C8-D010-4169-87A9-E8C64FB105FC}.Release|Any CPU.Build.0 = Release|Any CPU
	EndGlobalSection
EndGlobal
